
Microsoft Visual Studio Solution File, Format Version 12.00
# Visual Studio 15
VisualStudioVersion = 15.0.27703.2000
MinimumVisualStudioVersion = 10.0.40219.1
Project("{FAE04EC0-301F-11D3-BF4B-00C04F79EFBC}") = "Agent_App.Android", "Agent_App\Agent_App.Android\Agent_App.Android.csproj", "{9B573DC1-C625-42B4-B35A-32FAF05557AC}"
EndProject
Project("{FAE04EC0-301F-11D3-BF4B-00C04F79EFBC}") = "Agent_App.iOS", "Agent_App\Agent_App.iOS\Agent_App.iOS.csproj", "{D7D4D48F-E884-4247-B3AE-C193F4ABAB13}"
EndProject
Project("{9A19103F-16F7-4668-BE54-9A1E7A4F7556}") = "Agent_App", "Agent_App\Agent_App\Agent_App.csproj", "{983DD9D3-225F-4E21-B3C5-C51208475747}"
EndProject
Global
	GlobalSection(SolutionConfigurationPlatforms) = preSolution
		Ad-Hoc|Any CPU = Ad-Hoc|Any CPU
		Ad-Hoc|ARM = Ad-Hoc|ARM
		Ad-Hoc|iPhone = Ad-Hoc|iPhone
		Ad-Hoc|iPhoneSimulator = Ad-Hoc|iPhoneSimulator
		Ad-Hoc|x64 = Ad-Hoc|x64
		Ad-Hoc|x86 = Ad-Hoc|x86
		AppStore|Any CPU = AppStore|Any CPU
		AppStore|ARM = AppStore|ARM
		AppStore|iPhone = AppStore|iPhone
		AppStore|iPhoneSimulator = AppStore|iPhoneSimulator
		AppStore|x64 = AppStore|x64
		AppStore|x86 = AppStore|x86
		Debug|Any CPU = Debug|Any CPU
		Debug|ARM = Debug|ARM
		Debug|iPhone = Debug|iPhone
		Debug|iPhoneSimulator = Debug|iPhoneSimulator
		Debug|x64 = Debug|x64
		Debug|x86 = Debug|x86
		Release|Any CPU = Release|Any CPU
		Release|ARM = Release|ARM
		Release|iPhone = Release|iPhone
		Release|iPhoneSimulator = Release|iPhoneSimulator
		Release|x64 = Release|x64
		Release|x86 = Release|x86
	EndGlobalSection
	GlobalSection(ProjectConfigurationPlatforms) = postSolution
		{9B573DC1-C625-42B4-B35A-32FAF05557AC}.Ad-Hoc|Any CPU.ActiveCfg = Release|Any CPU
		{9B573DC1-C625-42B4-B35A-32FAF05557AC}.Ad-Hoc|Any CPU.Build.0 = Release|Any CPU
		{9B573DC1-C625-42B4-B35A-32FAF05557AC}.Ad-Hoc|Any CPU.Deploy.0 = Release|Any CPU
		{9B573DC1-C625-42B4-B35A-32FAF05557AC}.Ad-Hoc|ARM.ActiveCfg = Release|Any CPU
		{9B573DC1-C625-42B4-B35A-32FAF05557AC}.Ad-Hoc|ARM.Build.0 = Release|Any CPU
		{9B573DC1-C625-42B4-B35A-32FAF05557AC}.Ad-Hoc|ARM.Deploy.0 = Release|Any CPU
		{9B573DC1-C625-42B4-B35A-32FAF05557AC}.Ad-Hoc|iPhone.ActiveCfg = Release|Any CPU
		{9B573DC1-C625-42B4-B35A-32FAF05557AC}.Ad-Hoc|iPhone.Build.0 = Release|Any CPU
		{9B573DC1-C625-42B4-B35A-32FAF05557AC}.Ad-Hoc|iPhone.Deploy.0 = Release|Any CPU
		{9B573DC1-C625-42B4-B35A-32FAF05557AC}.Ad-Hoc|iPhoneSimulator.ActiveCfg = Release|Any CPU
		{9B573DC1-C625-42B4-B35A-32FAF05557AC}.Ad-Hoc|iPhoneSimulator.Build.0 = Release|Any CPU
		{9B573DC1-C625-42B4-B35A-32FAF05557AC}.Ad-Hoc|iPhoneSimulator.Deploy.0 = Release|Any CPU
		{9B573DC1-C625-42B4-B35A-32FAF05557AC}.Ad-Hoc|x64.ActiveCfg = Release|Any CPU
		{9B573DC1-C625-42B4-B35A-32FAF05557AC}.Ad-Hoc|x64.Build.0 = Release|Any CPU
		{9B573DC1-C625-42B4-B35A-32FAF05557AC}.Ad-Hoc|x64.Deploy.0 = Release|Any CPU
		{9B573DC1-C625-42B4-B35A-32FAF05557AC}.Ad-Hoc|x86.ActiveCfg = Release|Any CPU
		{9B573DC1-C625-42B4-B35A-32FAF05557AC}.Ad-Hoc|x86.Build.0 = Release|Any CPU
		{9B573DC1-C625-42B4-B35A-32FAF05557AC}.Ad-Hoc|x86.Deploy.0 = Release|Any CPU
		{9B573DC1-C625-42B4-B35A-32FAF05557AC}.AppStore|Any CPU.ActiveCfg = Release|Any CPU
		{9B573DC1-C625-42B4-B35A-32FAF05557AC}.AppStore|Any CPU.Build.0 = Release|Any CPU
		{9B573DC1-C625-42B4-B35A-32FAF05557AC}.AppStore|Any CPU.Deploy.0 = Release|Any CPU
		{9B573DC1-C625-42B4-B35A-32FAF05557AC}.AppStore|ARM.ActiveCfg = Release|Any CPU
		{9B573DC1-C625-42B4-B35A-32FAF05557AC}.AppStore|ARM.Build.0 = Release|Any CPU
		{9B573DC1-C625-42B4-B35A-32FAF05557AC}.AppStore|ARM.Deploy.0 = Release|Any CPU
		{9B573DC1-C625-42B4-B35A-32FAF05557AC}.AppStore|iPhone.ActiveCfg = Release|Any CPU
		{9B573DC1-C625-42B4-B35A-32FAF05557AC}.AppStore|iPhone.Build.0 = Release|Any CPU
		{9B573DC1-C625-42B4-B35A-32FAF05557AC}.AppStore|iPhone.Deploy.0 = Release|Any CPU
		{9B573DC1-C625-42B4-B35A-32FAF05557AC}.AppStore|iPhoneSimulator.ActiveCfg = Release|Any CPU
		{9B573DC1-C625-42B4-B35A-32FAF05557AC}.AppStore|iPhoneSimulator.Build.0 = Release|Any CPU
		{9B573DC1-C625-42B4-B35A-32FAF05557AC}.AppStore|iPhoneSimulator.Deploy.0 = Release|Any CPU
		{9B573DC1-C625-42B4-B35A-32FAF05557AC}.AppStore|x64.ActiveCfg = Release|Any CPU
		{9B573DC1-C625-42B4-B35A-32FAF05557AC}.AppStore|x64.Build.0 = Release|Any CPU
		{9B573DC1-C625-42B4-B35A-32FAF05557AC}.AppStore|x64.Deploy.0 = Release|Any CPU
		{9B573DC1-C625-42B4-B35A-32FAF05557AC}.AppStore|x86.ActiveCfg = Release|Any CPU
		{9B573DC1-C625-42B4-B35A-32FAF05557AC}.AppStore|x86.Build.0 = Release|Any CPU
		{9B573DC1-C625-42B4-B35A-32FAF05557AC}.AppStore|x86.Deploy.0 = Release|Any CPU
		{9B573DC1-C625-42B4-B35A-32FAF05557AC}.Debug|Any CPU.ActiveCfg = Debug|Any CPU
		{9B573DC1-C625-42B4-B35A-32FAF05557AC}.Debug|Any CPU.Build.0 = Debug|Any CPU
		{9B573DC1-C625-42B4-B35A-32FAF05557AC}.Debug|Any CPU.Deploy.0 = Debug|Any CPU
		{9B573DC1-C625-42B4-B35A-32FAF05557AC}.Debug|ARM.ActiveCfg = Debug|Any CPU
		{9B573DC1-C625-42B4-B35A-32FAF05557AC}.Debug|ARM.Build.0 = Debug|Any CPU
		{9B573DC1-C625-42B4-B35A-32FAF05557AC}.Debug|ARM.Deploy.0 = Debug|Any CPU
		{9B573DC1-C625-42B4-B35A-32FAF05557AC}.Debug|iPhone.ActiveCfg = Debug|Any CPU
		{9B573DC1-C625-42B4-B35A-32FAF05557AC}.Debug|iPhone.Build.0 = Debug|Any CPU
		{9B573DC1-C625-42B4-B35A-32FAF05557AC}.Debug|iPhone.Deploy.0 = Debug|Any CPU
		{9B573DC1-C625-42B4-B35A-32FAF05557AC}.Debug|iPhoneSimulator.ActiveCfg = Debug|Any CPU
		{9B573DC1-C625-42B4-B35A-32FAF05557AC}.Debug|iPhoneSimulator.Build.0 = Debug|Any CPU
		{9B573DC1-C625-42B4-B35A-32FAF05557AC}.Debug|iPhoneSimulator.Deploy.0 = Debug|Any CPU
		{9B573DC1-C625-42B4-B35A-32FAF05557AC}.Debug|x64.ActiveCfg = Debug|Any CPU
		{9B573DC1-C625-42B4-B35A-32FAF05557AC}.Debug|x64.Build.0 = Debug|Any CPU
		{9B573DC1-C625-42B4-B35A-32FAF05557AC}.Debug|x64.Deploy.0 = Debug|Any CPU
		{9B573DC1-C625-42B4-B35A-32FAF05557AC}.Debug|x86.ActiveCfg = Debug|Any CPU
		{9B573DC1-C625-42B4-B35A-32FAF05557AC}.Debug|x86.Build.0 = Debug|Any CPU
		{9B573DC1-C625-42B4-B35A-32FAF05557AC}.Debug|x86.Deploy.0 = Debug|Any CPU
		{9B573DC1-C625-42B4-B35A-32FAF05557AC}.Release|Any CPU.ActiveCfg = Release|Any CPU
		{9B573DC1-C625-42B4-B35A-32FAF05557AC}.Release|Any CPU.Build.0 = Release|Any CPU
		{9B573DC1-C625-42B4-B35A-32FAF05557AC}.Release|Any CPU.Deploy.0 = Release|Any CPU
		{9B573DC1-C625-42B4-B35A-32FAF05557AC}.Release|ARM.ActiveCfg = Release|Any CPU
		{9B573DC1-C625-42B4-B35A-32FAF05557AC}.Release|ARM.Build.0 = Release|Any CPU
		{9B573DC1-C625-42B4-B35A-32FAF05557AC}.Release|ARM.Deploy.0 = Release|Any CPU
		{9B573DC1-C625-42B4-B35A-32FAF05557AC}.Release|iPhone.ActiveCfg = Release|Any CPU
		{9B573DC1-C625-42B4-B35A-32FAF05557AC}.Release|iPhone.Build.0 = Release|Any CPU
		{9B573DC1-C625-42B4-B35A-32FAF05557AC}.Release|iPhone.Deploy.0 = Release|Any CPU
		{9B573DC1-C625-42B4-B35A-32FAF05557AC}.Release|iPhoneSimulator.ActiveCfg = Release|Any CPU
		{9B573DC1-C625-42B4-B35A-32FAF05557AC}.Release|iPhoneSimulator.Build.0 = Release|Any CPU
		{9B573DC1-C625-42B4-B35A-32FAF05557AC}.Release|iPhoneSimulator.Deploy.0 = Release|Any CPU
		{9B573DC1-C625-42B4-B35A-32FAF05557AC}.Release|x64.ActiveCfg = Release|Any CPU
		{9B573DC1-C625-42B4-B35A-32FAF05557AC}.Release|x64.Build.0 = Release|Any CPU
		{9B573DC1-C625-42B4-B35A-32FAF05557AC}.Release|x64.Deploy.0 = Release|Any CPU
		{9B573DC1-C625-42B4-B35A-32FAF05557AC}.Release|x86.ActiveCfg = Release|Any CPU
		{9B573DC1-C625-42B4-B35A-32FAF05557AC}.Release|x86.Build.0 = Release|Any CPU
		{9B573DC1-C625-42B4-B35A-32FAF05557AC}.Release|x86.Deploy.0 = Release|Any CPU
		{D7D4D48F-E884-4247-B3AE-C193F4ABAB13}.Ad-Hoc|Any CPU.ActiveCfg = Ad-Hoc|iPhone
		{D7D4D48F-E884-4247-B3AE-C193F4ABAB13}.Ad-Hoc|Any CPU.Build.0 = Ad-Hoc|iPhone
		{D7D4D48F-E884-4247-B3AE-C193F4ABAB13}.Ad-Hoc|Any CPU.Deploy.0 = Ad-Hoc|iPhone
		{D7D4D48F-E884-4247-B3AE-C193F4ABAB13}.Ad-Hoc|ARM.ActiveCfg = Ad-Hoc|iPhone
		{D7D4D48F-E884-4247-B3AE-C193F4ABAB13}.Ad-Hoc|ARM.Build.0 = Ad-Hoc|iPhone
		{D7D4D48F-E884-4247-B3AE-C193F4ABAB13}.Ad-Hoc|ARM.Deploy.0 = Ad-Hoc|iPhone
		{D7D4D48F-E884-4247-B3AE-C193F4ABAB13}.Ad-Hoc|iPhone.ActiveCfg = Ad-Hoc|iPhone
		{D7D4D48F-E884-4247-B3AE-C193F4ABAB13}.Ad-Hoc|iPhone.Build.0 = Ad-Hoc|iPhone
		{D7D4D48F-E884-4247-B3AE-C193F4ABAB13}.Ad-Hoc|iPhone.Deploy.0 = Ad-Hoc|iPhone
		{D7D4D48F-E884-4247-B3AE-C193F4ABAB13}.Ad-Hoc|iPhoneSimulator.ActiveCfg = Ad-Hoc|iPhoneSimulator
		{D7D4D48F-E884-4247-B3AE-C193F4ABAB13}.Ad-Hoc|iPhoneSimulator.Build.0 = Ad-Hoc|iPhoneSimulator
		{D7D4D48F-E884-4247-B3AE-C193F4ABAB13}.Ad-Hoc|iPhoneSimulator.Deploy.0 = Ad-Hoc|iPhoneSimulator
		{D7D4D48F-E884-4247-B3AE-C193F4ABAB13}.Ad-Hoc|x64.ActiveCfg = Ad-Hoc|iPhone
		{D7D4D48F-E884-4247-B3AE-C193F4ABAB13}.Ad-Hoc|x64.Build.0 = Ad-Hoc|iPhone
		{D7D4D48F-E884-4247-B3AE-C193F4ABAB13}.Ad-Hoc|x64.Deploy.0 = Ad-Hoc|iPhone
		{D7D4D48F-E884-4247-B3AE-C193F4ABAB13}.Ad-Hoc|x86.ActiveCfg = Ad-Hoc|iPhone
		{D7D4D48F-E884-4247-B3AE-C193F4ABAB13}.Ad-Hoc|x86.Build.0 = Ad-Hoc|iPhone
		{D7D4D48F-E884-4247-B3AE-C193F4ABAB13}.Ad-Hoc|x86.Deploy.0 = Ad-Hoc|iPhone
		{D7D4D48F-E884-4247-B3AE-C193F4ABAB13}.AppStore|Any CPU.ActiveCfg = AppStore|iPhone
		{D7D4D48F-E884-4247-B3AE-C193F4ABAB13}.AppStore|Any CPU.Build.0 = AppStore|iPhone
		{D7D4D48F-E884-4247-B3AE-C193F4ABAB13}.AppStore|Any CPU.Deploy.0 = AppStore|iPhone
		{D7D4D48F-E884-4247-B3AE-C193F4ABAB13}.AppStore|ARM.ActiveCfg = AppStore|iPhone
		{D7D4D48F-E884-4247-B3AE-C193F4ABAB13}.AppStore|ARM.Build.0 = AppStore|iPhone
		{D7D4D48F-E884-4247-B3AE-C193F4ABAB13}.AppStore|ARM.Deploy.0 = AppStore|iPhone
		{D7D4D48F-E884-4247-B3AE-C193F4ABAB13}.AppStore|iPhone.ActiveCfg = AppStore|iPhone
		{D7D4D48F-E884-4247-B3AE-C193F4ABAB13}.AppStore|iPhone.Build.0 = AppStore|iPhone
		{D7D4D48F-E884-4247-B3AE-C193F4ABAB13}.AppStore|iPhone.Deploy.0 = AppStore|iPhone
		{D7D4D48F-E884-4247-B3AE-C193F4ABAB13}.AppStore|iPhoneSimulator.ActiveCfg = AppStore|iPhoneSimulator
		{D7D4D48F-E884-4247-B3AE-C193F4ABAB13}.AppStore|iPhoneSimulator.Build.0 = AppStore|iPhoneSimulator
		{D7D4D48F-E884-4247-B3AE-C193F4ABAB13}.AppStore|iPhoneSimulator.Deploy.0 = AppStore|iPhoneSimulator
		{D7D4D48F-E884-4247-B3AE-C193F4ABAB13}.AppStore|x64.ActiveCfg = AppStore|iPhone
		{D7D4D48F-E884-4247-B3AE-C193F4ABAB13}.AppStore|x64.Build.0 = AppStore|iPhone
		{D7D4D48F-E884-4247-B3AE-C193F4ABAB13}.AppStore|x64.Deploy.0 = AppStore|iPhone
		{D7D4D48F-E884-4247-B3AE-C193F4ABAB13}.AppStore|x86.ActiveCfg = AppStore|iPhone
		{D7D4D48F-E884-4247-B3AE-C193F4ABAB13}.AppStore|x86.Build.0 = AppStore|iPhone
		{D7D4D48F-E884-4247-B3AE-C193F4ABAB13}.AppStore|x86.Deploy.0 = AppStore|iPhone
		{D7D4D48F-E884-4247-B3AE-C193F4ABAB13}.Debug|Any CPU.ActiveCfg = Debug|iPhoneSimulator
		{D7D4D48F-E884-4247-B3AE-C193F4ABAB13}.Debug|Any CPU.Build.0 = Debug|iPhoneSimulator
		{D7D4D48F-E884-4247-B3AE-C193F4ABAB13}.Debug|Any CPU.Deploy.0 = Debug|iPhoneSimulator
		{D7D4D48F-E884-4247-B3AE-C193F4ABAB13}.Debug|ARM.ActiveCfg = Debug|iPhone
		{D7D4D48F-E884-4247-B3AE-C193F4ABAB13}.Debug|ARM.Build.0 = Debug|iPhone
		{D7D4D48F-E884-4247-B3AE-C193F4ABAB13}.Debug|ARM.Deploy.0 = Debug|iPhone
		{D7D4D48F-E884-4247-B3AE-C193F4ABAB13}.Debug|iPhone.ActiveCfg = Debug|iPhone
		{D7D4D48F-E884-4247-B3AE-C193F4ABAB13}.Debug|iPhone.Build.0 = Debug|iPhone
		{D7D4D48F-E884-4247-B3AE-C193F4ABAB13}.Debug|iPhone.Deploy.0 = Debug|iPhone
		{D7D4D48F-E884-4247-B3AE-C193F4ABAB13}.Debug|iPhoneSimulator.ActiveCfg = Debug|iPhoneSimulator
		{D7D4D48F-E884-4247-B3AE-C193F4ABAB13}.Debug|iPhoneSimulator.Build.0 = Debug|iPhoneSimulator
		{D7D4D48F-E884-4247-B3AE-C193F4ABAB13}.Debug|iPhoneSimulator.Deploy.0 = Debug|iPhoneSimulator
		{D7D4D48F-E884-4247-B3AE-C193F4ABAB13}.Debug|x64.ActiveCfg = Debug|iPhone
		{D7D4D48F-E884-4247-B3AE-C193F4ABAB13}.Debug|x64.Build.0 = Debug|iPhone
		{D7D4D48F-E884-4247-B3AE-C193F4ABAB13}.Debug|x64.Deploy.0 = Debug|iPhone
		{D7D4D48F-E884-4247-B3AE-C193F4ABAB13}.Debug|x86.ActiveCfg = Debug|iPhone
		{D7D4D48F-E884-4247-B3AE-C193F4ABAB13}.Debug|x86.Build.0 = Debug|iPhone
		{D7D4D48F-E884-4247-B3AE-C193F4ABAB13}.Debug|x86.Deploy.0 = Debug|iPhone
		{D7D4D48F-E884-4247-B3AE-C193F4ABAB13}.Release|Any CPU.ActiveCfg = Release|iPhone
		{D7D4D48F-E884-4247-B3AE-C193F4ABAB13}.Release|Any CPU.Build.0 = Release|iPhone
		{D7D4D48F-E884-4247-B3AE-C193F4ABAB13}.Release|Any CPU.Deploy.0 = Release|iPhone
		{D7D4D48F-E884-4247-B3AE-C193F4ABAB13}.Release|ARM.ActiveCfg = Release|iPhone
		{D7D4D48F-E884-4247-B3AE-C193F4ABAB13}.Release|ARM.Build.0 = Release|iPhone
		{D7D4D48F-E884-4247-B3AE-C193F4ABAB13}.Release|ARM.Deploy.0 = Release|iPhone
		{D7D4D48F-E884-4247-B3AE-C193F4ABAB13}.Release|iPhone.ActiveCfg = Release|iPhone
		{D7D4D48F-E884-4247-B3AE-C193F4ABAB13}.Release|iPhone.Build.0 = Release|iPhone
		{D7D4D48F-E884-4247-B3AE-C193F4ABAB13}.Release|iPhone.Deploy.0 = Release|iPhone
		{D7D4D48F-E884-4247-B3AE-C193F4ABAB13}.Release|iPhoneSimulator.ActiveCfg = Release|iPhoneSimulator
		{D7D4D48F-E884-4247-B3AE-C193F4ABAB13}.Release|iPhoneSimulator.Build.0 = Release|iPhoneSimulator
		{D7D4D48F-E884-4247-B3AE-C193F4ABAB13}.Release|iPhoneSimulator.Deploy.0 = Release|iPhoneSimulator
		{D7D4D48F-E884-4247-B3AE-C193F4ABAB13}.Release|x64.ActiveCfg = Release|iPhone
		{D7D4D48F-E884-4247-B3AE-C193F4ABAB13}.Release|x64.Build.0 = Release|iPhone
		{D7D4D48F-E884-4247-B3AE-C193F4ABAB13}.Release|x64.Deploy.0 = Release|iPhone
		{D7D4D48F-E884-4247-B3AE-C193F4ABAB13}.Release|x86.ActiveCfg = Release|iPhone
		{D7D4D48F-E884-4247-B3AE-C193F4ABAB13}.Release|x86.Build.0 = Release|iPhone
		{D7D4D48F-E884-4247-B3AE-C193F4ABAB13}.Release|x86.Deploy.0 = Release|iPhone
		{983DD9D3-225F-4E21-B3C5-C51208475747}.Ad-Hoc|Any CPU.ActiveCfg = Debug|Any CPU
		{983DD9D3-225F-4E21-B3C5-C51208475747}.Ad-Hoc|Any CPU.Build.0 = Debug|Any CPU
		{983DD9D3-225F-4E21-B3C5-C51208475747}.Ad-Hoc|Any CPU.Deploy.0 = Debug|Any CPU
		{983DD9D3-225F-4E21-B3C5-C51208475747}.Ad-Hoc|ARM.ActiveCfg = Debug|Any CPU
		{983DD9D3-225F-4E21-B3C5-C51208475747}.Ad-Hoc|ARM.Build.0 = Debug|Any CPU
		{983DD9D3-225F-4E21-B3C5-C51208475747}.Ad-Hoc|ARM.Deploy.0 = Debug|Any CPU
		{983DD9D3-225F-4E21-B3C5-C51208475747}.Ad-Hoc|iPhone.ActiveCfg = Debug|Any CPU
		{983DD9D3-225F-4E21-B3C5-C51208475747}.Ad-Hoc|iPhone.Build.0 = Debug|Any CPU
		{983DD9D3-225F-4E21-B3C5-C51208475747}.Ad-Hoc|iPhone.Deploy.0 = Debug|Any CPU
		{983DD9D3-225F-4E21-B3C5-C51208475747}.Ad-Hoc|iPhoneSimulator.ActiveCfg = Debug|Any CPU
		{983DD9D3-225F-4E21-B3C5-C51208475747}.Ad-Hoc|iPhoneSimulator.Build.0 = Debug|Any CPU
		{983DD9D3-225F-4E21-B3C5-C51208475747}.Ad-Hoc|iPhoneSimulator.Deploy.0 = Debug|Any CPU
		{983DD9D3-225F-4E21-B3C5-C51208475747}.Ad-Hoc|x64.ActiveCfg = Debug|Any CPU
		{983DD9D3-225F-4E21-B3C5-C51208475747}.Ad-Hoc|x64.Build.0 = Debug|Any CPU
		{983DD9D3-225F-4E21-B3C5-C51208475747}.Ad-Hoc|x64.Deploy.0 = Debug|Any CPU
		{983DD9D3-225F-4E21-B3C5-C51208475747}.Ad-Hoc|x86.ActiveCfg = Debug|Any CPU
		{983DD9D3-225F-4E21-B3C5-C51208475747}.Ad-Hoc|x86.Build.0 = Debug|Any CPU
		{983DD9D3-225F-4E21-B3C5-C51208475747}.Ad-Hoc|x86.Deploy.0 = Debug|Any CPU
		{983DD9D3-225F-4E21-B3C5-C51208475747}.AppStore|Any CPU.ActiveCfg = Debug|Any CPU
		{983DD9D3-225F-4E21-B3C5-C51208475747}.AppStore|Any CPU.Build.0 = Debug|Any CPU
		{983DD9D3-225F-4E21-B3C5-C51208475747}.AppStore|Any CPU.Deploy.0 = Debug|Any CPU
		{983DD9D3-225F-4E21-B3C5-C51208475747}.AppStore|ARM.ActiveCfg = Debug|Any CPU
		{983DD9D3-225F-4E21-B3C5-C51208475747}.AppStore|ARM.Build.0 = Debug|Any CPU
		{983DD9D3-225F-4E21-B3C5-C51208475747}.AppStore|ARM.Deploy.0 = Debug|Any CPU
		{983DD9D3-225F-4E21-B3C5-C51208475747}.AppStore|iPhone.ActiveCfg = Debug|Any CPU
		{983DD9D3-225F-4E21-B3C5-C51208475747}.AppStore|iPhone.Build.0 = Debug|Any CPU
		{983DD9D3-225F-4E21-B3C5-C51208475747}.AppStore|iPhone.Deploy.0 = Debug|Any CPU
		{983DD9D3-225F-4E21-B3C5-C51208475747}.AppStore|iPhoneSimulator.ActiveCfg = Debug|Any CPU
		{983DD9D3-225F-4E21-B3C5-C51208475747}.AppStore|iPhoneSimulator.Build.0 = Debug|Any CPU
		{983DD9D3-225F-4E21-B3C5-C51208475747}.AppStore|iPhoneSimulator.Deploy.0 = Debug|Any CPU
		{983DD9D3-225F-4E21-B3C5-C51208475747}.AppStore|x64.ActiveCfg = Debug|Any CPU
		{983DD9D3-225F-4E21-B3C5-C51208475747}.AppStore|x64.Build.0 = Debug|Any CPU
		{983DD9D3-225F-4E21-B3C5-C51208475747}.AppStore|x64.Deploy.0 = Debug|Any CPU
		{983DD9D3-225F-4E21-B3C5-C51208475747}.AppStore|x86.ActiveCfg = Debug|Any CPU
		{983DD9D3-225F-4E21-B3C5-C51208475747}.AppStore|x86.Build.0 = Debug|Any CPU
		{983DD9D3-225F-4E21-B3C5-C51208475747}.AppStore|x86.Deploy.0 = Debug|Any CPU
		{983DD9D3-225F-4E21-B3C5-C51208475747}.Debug|Any CPU.ActiveCfg = Debug|Any CPU
		{983DD9D3-225F-4E21-B3C5-C51208475747}.Debug|Any CPU.Build.0 = Debug|Any CPU
		{983DD9D3-225F-4E21-B3C5-C51208475747}.Debug|Any CPU.Deploy.0 = Debug|Any CPU
		{983DD9D3-225F-4E21-B3C5-C51208475747}.Debug|ARM.ActiveCfg = Debug|Any CPU
		{983DD9D3-225F-4E21-B3C5-C51208475747}.Debug|ARM.Build.0 = Debug|Any CPU
		{983DD9D3-225F-4E21-B3C5-C51208475747}.Debug|ARM.Deploy.0 = Debug|Any CPU
		{983DD9D3-225F-4E21-B3C5-C51208475747}.Debug|iPhone.ActiveCfg = Debug|Any CPU
		{983DD9D3-225F-4E21-B3C5-C51208475747}.Debug|iPhone.Build.0 = Debug|Any CPU
		{983DD9D3-225F-4E21-B3C5-C51208475747}.Debug|iPhone.Deploy.0 = Debug|Any CPU
		{983DD9D3-225F-4E21-B3C5-C51208475747}.Debug|iPhoneSimulator.ActiveCfg = Debug|Any CPU
		{983DD9D3-225F-4E21-B3C5-C51208475747}.Debug|iPhoneSimulator.Build.0 = Debug|Any CPU
		{983DD9D3-225F-4E21-B3C5-C51208475747}.Debug|iPhoneSimulator.Deploy.0 = Debug|Any CPU
		{983DD9D3-225F-4E21-B3C5-C51208475747}.Debug|x64.ActiveCfg = Debug|Any CPU
		{983DD9D3-225F-4E21-B3C5-C51208475747}.Debug|x64.Build.0 = Debug|Any CPU
		{983DD9D3-225F-4E21-B3C5-C51208475747}.Debug|x64.Deploy.0 = Debug|Any CPU
		{983DD9D3-225F-4E21-B3C5-C51208475747}.Debug|x86.ActiveCfg = Debug|Any CPU
		{983DD9D3-225F-4E21-B3C5-C51208475747}.Debug|x86.Build.0 = Debug|Any CPU
		{983DD9D3-225F-4E21-B3C5-C51208475747}.Debug|x86.Deploy.0 = Debug|Any CPU
		{983DD9D3-225F-4E21-B3C5-C51208475747}.Release|Any CPU.ActiveCfg = Release|Any CPU
		{983DD9D3-225F-4E21-B3C5-C51208475747}.Release|Any CPU.Build.0 = Release|Any CPU
		{983DD9D3-225F-4E21-B3C5-C51208475747}.Release|Any CPU.Deploy.0 = Release|Any CPU
		{983DD9D3-225F-4E21-B3C5-C51208475747}.Release|ARM.ActiveCfg = Release|Any CPU
		{983DD9D3-225F-4E21-B3C5-C51208475747}.Release|ARM.Build.0 = Release|Any CPU
		{983DD9D3-225F-4E21-B3C5-C51208475747}.Release|ARM.Deploy.0 = Release|Any CPU
		{983DD9D3-225F-4E21-B3C5-C51208475747}.Release|iPhone.ActiveCfg = Release|Any CPU
		{983DD9D3-225F-4E21-B3C5-C51208475747}.Release|iPhone.Build.0 = Release|Any CPU
		{983DD9D3-225F-4E21-B3C5-C51208475747}.Release|iPhone.Deploy.0 = Release|Any CPU
		{983DD9D3-225F-4E21-B3C5-C51208475747}.Release|iPhoneSimulator.ActiveCfg = Release|Any CPU
		{983DD9D3-225F-4E21-B3C5-C51208475747}.Release|iPhoneSimulator.Build.0 = Release|Any CPU
		{983DD9D3-225F-4E21-B3C5-C51208475747}.Release|iPhoneSimulator.Deploy.0 = Release|Any CPU
		{983DD9D3-225F-4E21-B3C5-C51208475747}.Release|x64.ActiveCfg = Release|Any CPU
		{983DD9D3-225F-4E21-B3C5-C51208475747}.Release|x64.Build.0 = Release|Any CPU
		{983DD9D3-225F-4E21-B3C5-C51208475747}.Release|x64.Deploy.0 = Release|Any CPU
		{983DD9D3-225F-4E21-B3C5-C51208475747}.Release|x86.ActiveCfg = Release|Any CPU
		{983DD9D3-225F-4E21-B3C5-C51208475747}.Release|x86.Build.0 = Release|Any CPU
		{983DD9D3-225F-4E21-B3C5-C51208475747}.Release|x86.Deploy.0 = Release|Any CPU
	EndGlobalSection
	GlobalSection(SolutionProperties) = preSolution
		HideSolutionNode = FALSE
	EndGlobalSection
	GlobalSection(ExtensibilityGlobals) = postSolution
		SolutionGuid = {2C5A0705-46E4-4D15-A099-C2EB6EC07F61}
	EndGlobalSection
EndGlobal
